
Microsoft Visual Studio Solution File, Format Version 12.00
# Visual Studio 15
VisualStudioVersion = 15.0.28307.960
MinimumVisualStudioVersion = 10.0.40219.1
Project("{FAE04EC0-301F-11D3-BF4B-00C04F79EFBC}") = "SiyarLaser_Vision", "SiyarLaser_Vision\SiyarLaser_Vision.csproj", "{D2A6CF11-0141-4486-A22B-6B0FA3EF2ED9}"
EndProject
Project("{FAE04EC0-301F-11D3-BF4B-00C04F79EFBC}") = "SiyarSixsDetect", "SiyarSixsDetect\SiyarSixsDetect.csproj", "{8C844475-BD83-4A4B-AF9B-9CE4E4D37BAE}"
EndProject
Global
	GlobalSection(SolutionConfigurationPlatforms) = preSolution
		Debug|Any CPU = Debug|Any CPU
		Debug|x64 = Debug|x64
		Release|Any CPU = Release|Any CPU
		Release|x64 = Release|x64
	EndGlobalSection
	GlobalSection(ProjectConfigurationPlatforms) = postSolution
		{D2A6CF11-0141-4486-A22B-6B0FA3EF2ED9}.Debug|Any CPU.ActiveCfg = Debug|x64
		{D2A6CF11-0141-4486-A22B-6B0FA3EF2ED9}.Debug|Any CPU.Build.0 = Debug|x64
		{D2A6CF11-0141-4486-A22B-6B0FA3EF2ED9}.Debug|x64.ActiveCfg = Debug|x64
		{D2A6CF11-0141-4486-A22B-6B0FA3EF2ED9}.Debug|x64.Build.0 = Debug|x64
		{D2A6CF11-0141-4486-A22B-6B0FA3EF2ED9}.Release|Any CPU.ActiveCfg = Release|Any CPU
		{D2A6CF11-0141-4486-A22B-6B0FA3EF2ED9}.Release|Any CPU.Build.0 = Release|Any CPU
		{D2A6CF11-0141-4486-A22B-6B0FA3EF2ED9}.Release|x64.ActiveCfg = Release|x64
		{D2A6CF11-0141-4486-A22B-6B0FA3EF2ED9}.Release|x64.Build.0 = Release|x64
		{8C844475-BD83-4A4B-AF9B-9CE4E4D37BAE}.Debug|Any CPU.ActiveCfg = Debug|x64
		{8C844475-BD83-4A4B-AF9B-9CE4E4D37BAE}.Debug|Any CPU.Build.0 = Debug|x64
		{8C844475-BD83-4A4B-AF9B-9CE4E4D37BAE}.Debug|x64.ActiveCfg = Debug|x64
		{8C844475-BD83-4A4B-AF9B-9CE4E4D37BAE}.Debug|x64.Build.0 = Debug|x64
		{8C844475-BD83-4A4B-AF9B-9CE4E4D37BAE}.Release|Any CPU.ActiveCfg = Release|Any CPU
		{8C844475-BD83-4A4B-AF9B-9CE4E4D37BAE}.Release|Any CPU.Build.0 = Release|Any CPU
		{8C844475-BD83-4A4B-AF9B-9CE4E4D37BAE}.Release|x64.ActiveCfg = Release|x64
		{8C844475-BD83-4A4B-AF9B-9CE4E4D37BAE}.Release|x64.Build.0 = Release|x64
	EndGlobalSection
	GlobalSection(SolutionProperties) = preSolution
		HideSolutionNode = FALSE
	EndGlobalSection
	GlobalSection(ExtensibilityGlobals) = postSolution
		SolutionGuid = {00D7451F-06A2-474D-9B6D-429323F21395}
	EndGlobalSection
EndGlobal
